
Microsoft Visual Studio Solution File, Format Version 12.00
# Visual Studio Version 16
VisualStudioVersion = 16.0.32002.261
MinimumVisualStudioVersion = 10.0.40219.1
Project("{FAE04EC0-301F-11D3-BF4B-00C04F79EFBC}") = "WinFormUI", "WinFormUI\WinFormUI.csproj", "{3C6D8F15-C6D3-4759-86C1-307B3456DCE2}"
EndProject
Project("{FAE04EC0-301F-11D3-BF4B-00C04F79EFBC}") = "Database", "Database\Database.csproj", "{59F96ED1-EA59-47EC-96B6-49EA2478C930}"
EndProject
Project("{FAE04EC0-301F-11D3-BF4B-00C04F79EFBC}") = "Models", "Models\Models.csproj", "{852EDC4A-0776-49FE-8134-76EB23B5C582}"
EndProject
Global
	GlobalSection(SolutionConfigurationPlatforms) = preSolution
		Debug|Any CPU = Debug|Any CPU
		Release|Any CPU = Release|Any CPU
	EndGlobalSection
	GlobalSection(ProjectConfigurationPlatforms) = postSolution
		{3C6D8F15-C6D3-4759-86C1-307B3456DCE2}.Debug|Any CPU.ActiveCfg = Debug|Any CPU
		{3C6D8F15-C6D3-4759-86C1-307B3456DCE2}.Debug|Any CPU.Build.0 = Debug|Any CPU
		{3C6D8F15-C6D3-4759-86C1-307B3456DCE2}.Release|Any CPU.ActiveCfg = Release|Any CPU
		{3C6D8F15-C6D3-4759-86C1-307B3456DCE2}.Release|Any CPU.Build.0 = Release|Any CPU
		{59F96ED1-EA59-47EC-96B6-49EA2478C930}.Debug|Any CPU.ActiveCfg = Debug|Any CPU
		{59F96ED1-EA59-47EC-96B6-49EA2478C930}.Debug|Any CPU.Build.0 = Debug|Any CPU
		{59F96ED1-EA59-47EC-96B6-49EA2478C930}.Release|Any CPU.ActiveCfg = Release|Any CPU
		{59F96ED1-EA59-47EC-96B6-49EA2478C930}.Release|Any CPU.Build.0 = Release|Any CPU
		{852EDC4A-0776-49FE-8134-76EB23B5C582}.Debug|Any CPU.ActiveCfg = Debug|Any CPU
		{852EDC4A-0776-49FE-8134-76EB23B5C582}.Debug|Any CPU.Build.0 = Debug|Any CPU
		{852EDC4A-0776-49FE-8134-76EB23B5C582}.Release|Any CPU.ActiveCfg = Release|Any CPU
		{852EDC4A-0776-49FE-8134-76EB23B5C582}.Release|Any CPU.Build.0 = Release|Any CPU
	EndGlobalSection
	GlobalSection(SolutionProperties) = preSolution
		HideSolutionNode = FALSE
	EndGlobalSection
	GlobalSection(ExtensibilityGlobals) = postSolution
		SolutionGuid = {4DFC09F9-0613-4F5E-A3F0-9B6C695ACD38}
	EndGlobalSection
EndGlobal
